
Microsoft Visual Studio Solution File, Format Version 12.00
# Visual Studio Version 16
VisualStudioVersion = 16.0.31105.61
MinimumVisualStudioVersion = 10.0.40219.1
Project("{FAE04EC0-301F-11D3-BF4B-00C04F79EFBC}") = "AutoFuquanDailyReport", "AutoFuquanDailyReport\AutoFuquanDailyReport.csproj", "{E71824DA-3D9B-48F3-95E5-5223BE83F6D6}"
EndProject
Global
	GlobalSection(SolutionConfigurationPlatforms) = preSolution
		Debug|Any CPU = Debug|Any CPU
		Release|Any CPU = Release|Any CPU
	EndGlobalSection
	GlobalSection(ProjectConfigurationPlatforms) = postSolution
		{E71824DA-3D9B-48F3-95E5-5223BE83F6D6}.Debug|Any CPU.ActiveCfg = Debug|Any CPU
		{E71824DA-3D9B-48F3-95E5-5223BE83F6D6}.Debug|Any CPU.Build.0 = Debug|Any CPU
		{E71824DA-3D9B-48F3-95E5-5223BE83F6D6}.Release|Any CPU.ActiveCfg = Release|Any CPU
		{E71824DA-3D9B-48F3-95E5-5223BE83F6D6}.Release|Any CPU.Build.0 = Release|Any CPU
	EndGlobalSection
	GlobalSection(SolutionProperties) = preSolution
		HideSolutionNode = FALSE
	EndGlobalSection
	GlobalSection(ExtensibilityGlobals) = postSolution
		SolutionGuid = {6E0688B6-0655-4A20-96FC-61D5651E36C1}
	EndGlobalSection
EndGlobal
